{
  "mojo_version": "0.26.1",
  "packages": [
    {
      "name": "tls",
      "version": "1.7.0",
      "source_url": "https://github.com/Mosaad-M/tls/archive/refs/tags/v1.7.0.tar.gz",
      "sha256": "ed14f36d2d39a37d7625e1d4f01c5aac916d09b942a69daf98e67b908ca2048d",
      "install_path": "/Users/myronmosaad/.mojo/packages/tls/1.7.0"
    },
    {
      "name": "tcp",
      "version": "1.1.0",
      "source_url": "https://github.com/Mosaad-M/tcp/archive/refs/tags/v1.1.0.tar.gz",
      "sha256": "9784724d0c9ab8afb22f82ec09ae3c4a5b7b5983ec77ca755899b3bbd9562d3e",
      "install_path": "/Users/myronmosaad/.mojo/packages/tcp/1.1.0"
    },
    {
      "name": "url",
      "version": "1.1.0",
      "source_url": "https://github.com/Mosaad-M/url/archive/refs/tags/v1.1.0.tar.gz",
      "sha256": "9fffe5942c4cf91ab966bcf705cdc40ba297baa8c49bcd38b37aaf152f42a3bd",
      "install_path": "/Users/myronmosaad/.mojo/packages/url/1.1.0"
    }
  ]
}
