{
  "mojo_version": "0.26.1",
  "packages": [
    {
      "name": "tls",
      "version": "1.4.2",
      "source_url": "https://github.com/Mosaad-M/tls/archive/refs/tags/v1.4.2.tar.gz",
      "sha256": "ff36cd90175f9f9763313dc0dc43ff39f257c3ee3fc039bb1e36c177b1338075",
      "install_path": "/Users/myronmosaad/.mojo/packages/tls/1.4.2"
    },
    {
      "name": "tcp",
      "version": "1.1.0",
      "source_url": "https://github.com/Mosaad-M/tcp/archive/refs/tags/v1.1.0.tar.gz",
      "sha256": "9784724d0c9ab8afb22f82ec09ae3c4a5b7b5983ec77ca755899b3bbd9562d3e",
      "install_path": "/Users/myronmosaad/.mojo/packages/tcp/1.1.0"
    },
    {
      "name": "url",
      "version": "1.1.0",
      "source_url": "https://github.com/Mosaad-M/url/archive/refs/tags/v1.1.0.tar.gz",
      "sha256": "9fffe5942c4cf91ab966bcf705cdc40ba297baa8c49bcd38b37aaf152f42a3bd",
      "install_path": "/Users/myronmosaad/.mojo/packages/url/1.1.0"
    }
  ]
}
